
Microsoft Visual Studio Solution File, Format Version 12.00
# Visual Studio 15
VisualStudioVersion = 15.0.27004.2006
MinimumVisualStudioVersion = 10.0.40219.1
Project("{8BC9CEB8-8B4A-11D0-8D11-00A0C91BC942}") = "Problem6-1_SumOfTwoIntegers", "Problem6-1_SumOfTwoIntegers\Problem6-1_SumOfTwoIntegers.vcxproj", "{FF141C02-120F-476E-BC37-457B8A2C1768}"
EndProject
Global
	GlobalSection(SolutionConfigurationPlatforms) = preSolution
		Debug|x64 = Debug|x64
		Debug|x86 = Debug|x86
		Release|x64 = Release|x64
		Release|x86 = Release|x86
	EndGlobalSection
	GlobalSection(ProjectConfigurationPlatforms) = postSolution
		{FF141C02-120F-476E-BC37-457B8A2C1768}.Debug|x64.ActiveCfg = Debug|x64
		{FF141C02-120F-476E-BC37-457B8A2C1768}.Debug|x64.Build.0 = Debug|x64
		{FF141C02-120F-476E-BC37-457B8A2C1768}.Debug|x86.ActiveCfg = Debug|Win32
		{FF141C02-120F-476E-BC37-457B8A2C1768}.Debug|x86.Build.0 = Debug|Win32
		{FF141C02-120F-476E-BC37-457B8A2C1768}.Release|x64.ActiveCfg = Release|x64
		{FF141C02-120F-476E-BC37-457B8A2C1768}.Release|x64.Build.0 = Release|x64
		{FF141C02-120F-476E-BC37-457B8A2C1768}.Release|x86.ActiveCfg = Release|Win32
		{FF141C02-120F-476E-BC37-457B8A2C1768}.Release|x86.Build.0 = Release|Win32
	EndGlobalSection
	GlobalSection(SolutionProperties) = preSolution
		HideSolutionNode = FALSE
	EndGlobalSection
	GlobalSection(ExtensibilityGlobals) = postSolution
		SolutionGuid = {1FA92185-7F92-4BA3-9E61-AFE478F1B7FE}
	EndGlobalSection
EndGlobal
